
Microsoft Visual Studio Solution File, Format Version 12.00
# Visual Studio Version 16
VisualStudioVersion = 16.0.29503.13
MinimumVisualStudioVersion = 10.0.40219.1
Project("{FAE04EC0-301F-11D3-BF4B-00C04F79EFBC}") = "Exercise-11", "Exercise-11\Exercise-11.csproj", "{CCA803F4-915F-48CB-8B74-871EC498820D}"
EndProject
Global
	GlobalSection(SolutionConfigurationPlatforms) = preSolution
		Debug|Any CPU = Debug|Any CPU
		Release|Any CPU = Release|Any CPU
	EndGlobalSection
	GlobalSection(ProjectConfigurationPlatforms) = postSolution
		{CCA803F4-915F-48CB-8B74-871EC498820D}.Debug|Any CPU.ActiveCfg = Debug|Any CPU
		{CCA803F4-915F-48CB-8B74-871EC498820D}.Debug|Any CPU.Build.0 = Debug|Any CPU
		{CCA803F4-915F-48CB-8B74-871EC498820D}.Release|Any CPU.ActiveCfg = Release|Any CPU
		{CCA803F4-915F-48CB-8B74-871EC498820D}.Release|Any CPU.Build.0 = Release|Any CPU
	EndGlobalSection
	GlobalSection(SolutionProperties) = preSolution
		HideSolutionNode = FALSE
	EndGlobalSection
	GlobalSection(ExtensibilityGlobals) = postSolution
		SolutionGuid = {001C3A02-C971-47D7-AE1B-B244D36800E2}
	EndGlobalSection
EndGlobal
