
Microsoft Visual Studio Solution File, Format Version 12.00
# Visual Studio Version 16
VisualStudioVersion = 16.0.29503.13
MinimumVisualStudioVersion = 10.0.40219.1
Project("{FAE04EC0-301F-11D3-BF4B-00C04F79EFBC}") = "Exercise-13", "Exercise-13\Exercise-13.csproj", "{9CF99E49-5FBB-44EA-9171-C92E733E1ECB}"
EndProject
Global
	GlobalSection(SolutionConfigurationPlatforms) = preSolution
		Debug|Any CPU = Debug|Any CPU
		Release|Any CPU = Release|Any CPU
	EndGlobalSection
	GlobalSection(ProjectConfigurationPlatforms) = postSolution
		{9CF99E49-5FBB-44EA-9171-C92E733E1ECB}.Debug|Any CPU.ActiveCfg = Debug|Any CPU
		{9CF99E49-5FBB-44EA-9171-C92E733E1ECB}.Debug|Any CPU.Build.0 = Debug|Any CPU
		{9CF99E49-5FBB-44EA-9171-C92E733E1ECB}.Release|Any CPU.ActiveCfg = Release|Any CPU
		{9CF99E49-5FBB-44EA-9171-C92E733E1ECB}.Release|Any CPU.Build.0 = Release|Any CPU
	EndGlobalSection
	GlobalSection(SolutionProperties) = preSolution
		HideSolutionNode = FALSE
	EndGlobalSection
	GlobalSection(ExtensibilityGlobals) = postSolution
		SolutionGuid = {D520939B-151E-42A3-B621-53E184E4FD59}
	EndGlobalSection
EndGlobal
